
Microsoft Visual Studio Solution File, Format Version 12.00
# Visual Studio Version 16
VisualStudioVersion = 16.0.31624.102
MinimumVisualStudioVersion = 10.0.40219.1
Project("{FAE04EC0-301F-11D3-BF4B-00C04F79EFBC}") = "TadaManagement", "TadaManagement\TadaManagement.csproj", "{BF8F3B0D-3F63-4220-B06D-7A97C012951E}"
EndProject
Global
	GlobalSection(SolutionConfigurationPlatforms) = preSolution
		Debug|Any CPU = Debug|Any CPU
		Release|Any CPU = Release|Any CPU
	EndGlobalSection
	GlobalSection(ProjectConfigurationPlatforms) = postSolution
		{BF8F3B0D-3F63-4220-B06D-7A97C012951E}.Debug|Any CPU.ActiveCfg = Debug|Any CPU
		{BF8F3B0D-3F63-4220-B06D-7A97C012951E}.Debug|Any CPU.Build.0 = Debug|Any CPU
		{BF8F3B0D-3F63-4220-B06D-7A97C012951E}.Release|Any CPU.ActiveCfg = Release|Any CPU
		{BF8F3B0D-3F63-4220-B06D-7A97C012951E}.Release|Any CPU.Build.0 = Release|Any CPU
	EndGlobalSection
	GlobalSection(SolutionProperties) = preSolution
		HideSolutionNode = FALSE
	EndGlobalSection
	GlobalSection(ExtensibilityGlobals) = postSolution
		SolutionGuid = {A585D8AF-7310-4650-9666-239E726B36B8}
	EndGlobalSection
EndGlobal
